
Microsoft Visual Studio Solution File, Format Version 12.00
# Visual Studio Version 17
VisualStudioVersion = 17.11.35222.181
MinimumVisualStudioVersion = 10.0.40219.1
Project("{8BC9CEB8-8B4A-11D0-8D11-00A0C91BC942}") = "5.1", "5.1\5.1.vcxproj", "{C22C8416-F276-4813-B9D9-45CDB42A6426}"
EndProject
Project("{8BC9CEB8-8B4A-11D0-8D11-00A0C91BC942}") = "UnitTest1", "UnitTest1\UnitTest1.vcxproj", "{310AE327-155A-4976-AA9E-3D1672C2533A}"
EndProject
Global
	GlobalSection(SolutionConfigurationPlatforms) = preSolution
		Debug|x64 = Debug|x64
		Debug|x86 = Debug|x86
		Release|x64 = Release|x64
		Release|x86 = Release|x86
	EndGlobalSection
	GlobalSection(ProjectConfigurationPlatforms) = postSolution
		{C22C8416-F276-4813-B9D9-45CDB42A6426}.Debug|x64.ActiveCfg = Debug|x64
		{C22C8416-F276-4813-B9D9-45CDB42A6426}.Debug|x64.Build.0 = Debug|x64
		{C22C8416-F276-4813-B9D9-45CDB42A6426}.Debug|x86.ActiveCfg = Debug|Win32
		{C22C8416-F276-4813-B9D9-45CDB42A6426}.Debug|x86.Build.0 = Debug|Win32
		{C22C8416-F276-4813-B9D9-45CDB42A6426}.Release|x64.ActiveCfg = Release|x64
		{C22C8416-F276-4813-B9D9-45CDB42A6426}.Release|x64.Build.0 = Release|x64
		{C22C8416-F276-4813-B9D9-45CDB42A6426}.Release|x86.ActiveCfg = Release|Win32
		{C22C8416-F276-4813-B9D9-45CDB42A6426}.Release|x86.Build.0 = Release|Win32
		{310AE327-155A-4976-AA9E-3D1672C2533A}.Debug|x64.ActiveCfg = Debug|x64
		{310AE327-155A-4976-AA9E-3D1672C2533A}.Debug|x64.Build.0 = Debug|x64
		{310AE327-155A-4976-AA9E-3D1672C2533A}.Debug|x86.ActiveCfg = Debug|Win32
		{310AE327-155A-4976-AA9E-3D1672C2533A}.Debug|x86.Build.0 = Debug|Win32
		{310AE327-155A-4976-AA9E-3D1672C2533A}.Release|x64.ActiveCfg = Release|x64
		{310AE327-155A-4976-AA9E-3D1672C2533A}.Release|x64.Build.0 = Release|x64
		{310AE327-155A-4976-AA9E-3D1672C2533A}.Release|x86.ActiveCfg = Release|Win32
		{310AE327-155A-4976-AA9E-3D1672C2533A}.Release|x86.Build.0 = Release|Win32
	EndGlobalSection
	GlobalSection(SolutionProperties) = preSolution
		HideSolutionNode = FALSE
	EndGlobalSection
	GlobalSection(ExtensibilityGlobals) = postSolution
		SolutionGuid = {B1CB4938-F477-489F-96D9-CB89CB50493E}
	EndGlobalSection
EndGlobal
